
Microsoft Visual Studio Solution File, Format Version 12.00
# Visual Studio Version 16
VisualStudioVersion = 16.0.30711.63
MinimumVisualStudioVersion = 10.0.40219.1
Project("{FAE04EC0-301F-11D3-BF4B-00C04F79EFBC}") = "SweetTVChallengeBot", "SweetTVChallengeBot\SweetTVChallengeBot.csproj", "{572D9826-C92C-483C-A1D1-9E96977081CA}"
EndProject
Project("{FAE04EC0-301F-11D3-BF4B-00C04F79EFBC}") = "BotClient", "BotClient\BotClient.csproj", "{B6705A28-7AFD-45E7-A58B-C4AA0B2E19E4}"
EndProject
Global
	GlobalSection(SolutionConfigurationPlatforms) = preSolution
		Debug|Any CPU = Debug|Any CPU
		Release|Any CPU = Release|Any CPU
	EndGlobalSection
	GlobalSection(ProjectConfigurationPlatforms) = postSolution
		{572D9826-C92C-483C-A1D1-9E96977081CA}.Debug|Any CPU.ActiveCfg = Debug|Any CPU
		{572D9826-C92C-483C-A1D1-9E96977081CA}.Debug|Any CPU.Build.0 = Debug|Any CPU
		{572D9826-C92C-483C-A1D1-9E96977081CA}.Release|Any CPU.ActiveCfg = Release|Any CPU
		{572D9826-C92C-483C-A1D1-9E96977081CA}.Release|Any CPU.Build.0 = Release|Any CPU
		{B6705A28-7AFD-45E7-A58B-C4AA0B2E19E4}.Debug|Any CPU.ActiveCfg = Debug|Any CPU
		{B6705A28-7AFD-45E7-A58B-C4AA0B2E19E4}.Debug|Any CPU.Build.0 = Debug|Any CPU
		{B6705A28-7AFD-45E7-A58B-C4AA0B2E19E4}.Release|Any CPU.ActiveCfg = Release|Any CPU
		{B6705A28-7AFD-45E7-A58B-C4AA0B2E19E4}.Release|Any CPU.Build.0 = Release|Any CPU
	EndGlobalSection
	GlobalSection(SolutionProperties) = preSolution
		HideSolutionNode = FALSE
	EndGlobalSection
	GlobalSection(ExtensibilityGlobals) = postSolution
		SolutionGuid = {5DBAC4E9-8441-48B6-920C-21C6EADA29E4}
	EndGlobalSection
EndGlobal
